
Microsoft Visual Studio Solution File, Format Version 12.00
# Visual Studio Version 17
VisualStudioVersion = 17.0.31903.59
MinimumVisualStudioVersion = 10.0.40219.1
Project("{FAE04EC0-301F-11D3-BF4B-00C04F79EFBC}") = "Identity.Api", "Services\Identity\Identity.Api\Identity.Api.csproj", "{F41CDA54-7557-40CC-A254-98246E21F174}"
EndProject
Project("{2150E333-8FDC-42A3-9474-1A3956D46DE8}") = "Services", "Services", "{90C4829A-F37B-4A58-AF05-2F7BDE9AD75B}"
EndProject
Project("{2150E333-8FDC-42A3-9474-1A3956D46DE8}") = "Identity", "Identity", "{6C5FBB1B-5B8B-43A4-9076-380B49F7E73B}"
EndProject
Project("{2150E333-8FDC-42A3-9474-1A3956D46DE8}") = "Tests", "Tests", "{F1FD2EBC-D461-47B1-BBBD-9D3F0AF5CA62}"
EndProject
Project("{FAE04EC0-301F-11D3-BF4B-00C04F79EFBC}") = "Identity.Api.Tests", "Services\Identity\Tests\Identity.Api.Tests\Identity.Api.Tests.csproj", "{DC81C5E3-C3FF-40DA-BE56-CAEB7A19B5C0}"
EndProject
Project("{FAE04EC0-301F-11D3-BF4B-00C04F79EFBC}") = "Identity.Api.IntegrationTests", "Services\Identity\Tests\Identity.Api.IntegrationTests\Identity.Api.IntegrationTests.csproj", "{193821FD-2956-497F-B360-291B9A142F2D}"
EndProject
Project("{2150E333-8FDC-42A3-9474-1A3956D46DE8}") = "Company", "Company", "{0D0BA773-2CCF-4A92-81BA-006304F15CCB}"
EndProject
Project("{2150E333-8FDC-42A3-9474-1A3956D46DE8}") = "Tests", "Tests", "{B19235CA-C38C-4361-A602-5D5DD68C24A1}"
EndProject
Project("{FAE04EC0-301F-11D3-BF4B-00C04F79EFBC}") = "CompanyApi", "Services\Company\CompanyApi\CompanyApi.csproj", "{3E5673F7-BC27-4D17-A2DA-6ADD7D72C148}"
EndProject
Project("{FAE04EC0-301F-11D3-BF4B-00C04F79EFBC}") = "CompanyApi.IntegrationTests", "Services\Company\Tests\CompanyApi.IntegrationTests\CompanyApi.IntegrationTests.csproj", "{09642DCF-4524-4B74-90BF-BC721A591BEE}"
EndProject
Project("{FAE04EC0-301F-11D3-BF4B-00C04F79EFBC}") = "CompanyApi.Tests", "Services\Company\Tests\CompanyApi.Tests\CompanyApi.Tests.csproj", "{50AAD190-7916-4E08-977E-57F15C1E3D37}"
EndProject
Project("{2150E333-8FDC-42A3-9474-1A3956D46DE8}") = "Invoice", "Invoice", "{FF9D34A7-DDA9-43BF-8D49-C626DA845325}"
EndProject
Project("{2150E333-8FDC-42A3-9474-1A3956D46DE8}") = "Tests", "Tests", "{4A7194AF-1139-476F-A067-9C6C310517B8}"
EndProject
Project("{FAE04EC0-301F-11D3-BF4B-00C04F79EFBC}") = "InvoiceApi", "Services\Invoice\InvoiceApi\InvoiceApi.csproj", "{69B2E1A6-1129-4FE9-81A3-8294BF36FA92}"
EndProject
Project("{FAE04EC0-301F-11D3-BF4B-00C04F79EFBC}") = "InvoiceApi.IntegrationTests", "Services\Invoice\Tests\InvoiceApi.IntegrationTests\InvoiceApi.IntegrationTests.csproj", "{C3C6EB52-1561-4AC6-8D91-E1B0C882D232}"
EndProject
Project("{FAE04EC0-301F-11D3-BF4B-00C04F79EFBC}") = "InvoiceApi.Tests", "Services\Invoice\Tests\InvoiceApi.Tests\InvoiceApi.Tests.csproj", "{4DB0280D-A01F-4FAE-A884-D0E3818D3B8A}"
EndProject
Project("{2150E333-8FDC-42A3-9474-1A3956D46DE8}") = "Gateway", "Gateway", "{4E2DA789-7778-4F68-A19C-D0F1549E9BA1}"
EndProject
Project("{FAE04EC0-301F-11D3-BF4B-00C04F79EFBC}") = "GatewayApi", "Gateway\GatewayApi\GatewayApi.csproj", "{F0690ABA-E21C-428D-B6A2-C2C1E721D710}"
EndProject
Global
	GlobalSection(SolutionConfigurationPlatforms) = preSolution
		Debug|Any CPU = Debug|Any CPU
		Release|Any CPU = Release|Any CPU
	EndGlobalSection
	GlobalSection(SolutionProperties) = preSolution
		HideSolutionNode = FALSE
	EndGlobalSection
	GlobalSection(ProjectConfigurationPlatforms) = postSolution
		{F41CDA54-7557-40CC-A254-98246E21F174}.Debug|Any CPU.ActiveCfg = Debug|Any CPU
		{F41CDA54-7557-40CC-A254-98246E21F174}.Debug|Any CPU.Build.0 = Debug|Any CPU
		{F41CDA54-7557-40CC-A254-98246E21F174}.Release|Any CPU.ActiveCfg = Release|Any CPU
		{F41CDA54-7557-40CC-A254-98246E21F174}.Release|Any CPU.Build.0 = Release|Any CPU
		{DC81C5E3-C3FF-40DA-BE56-CAEB7A19B5C0}.Debug|Any CPU.ActiveCfg = Debug|Any CPU
		{DC81C5E3-C3FF-40DA-BE56-CAEB7A19B5C0}.Debug|Any CPU.Build.0 = Debug|Any CPU
		{DC81C5E3-C3FF-40DA-BE56-CAEB7A19B5C0}.Release|Any CPU.ActiveCfg = Release|Any CPU
		{DC81C5E3-C3FF-40DA-BE56-CAEB7A19B5C0}.Release|Any CPU.Build.0 = Release|Any CPU
		{193821FD-2956-497F-B360-291B9A142F2D}.Debug|Any CPU.ActiveCfg = Debug|Any CPU
		{193821FD-2956-497F-B360-291B9A142F2D}.Debug|Any CPU.Build.0 = Debug|Any CPU
		{193821FD-2956-497F-B360-291B9A142F2D}.Release|Any CPU.ActiveCfg = Release|Any CPU
		{193821FD-2956-497F-B360-291B9A142F2D}.Release|Any CPU.Build.0 = Release|Any CPU
		{3E5673F7-BC27-4D17-A2DA-6ADD7D72C148}.Debug|Any CPU.ActiveCfg = Debug|Any CPU
		{3E5673F7-BC27-4D17-A2DA-6ADD7D72C148}.Debug|Any CPU.Build.0 = Debug|Any CPU
		{3E5673F7-BC27-4D17-A2DA-6ADD7D72C148}.Release|Any CPU.ActiveCfg = Release|Any CPU
		{3E5673F7-BC27-4D17-A2DA-6ADD7D72C148}.Release|Any CPU.Build.0 = Release|Any CPU
		{09642DCF-4524-4B74-90BF-BC721A591BEE}.Debug|Any CPU.ActiveCfg = Debug|Any CPU
		{09642DCF-4524-4B74-90BF-BC721A591BEE}.Debug|Any CPU.Build.0 = Debug|Any CPU
		{09642DCF-4524-4B74-90BF-BC721A591BEE}.Release|Any CPU.ActiveCfg = Release|Any CPU
		{09642DCF-4524-4B74-90BF-BC721A591BEE}.Release|Any CPU.Build.0 = Release|Any CPU
		{50AAD190-7916-4E08-977E-57F15C1E3D37}.Debug|Any CPU.ActiveCfg = Debug|Any CPU
		{50AAD190-7916-4E08-977E-57F15C1E3D37}.Debug|Any CPU.Build.0 = Debug|Any CPU
		{50AAD190-7916-4E08-977E-57F15C1E3D37}.Release|Any CPU.ActiveCfg = Release|Any CPU
		{50AAD190-7916-4E08-977E-57F15C1E3D37}.Release|Any CPU.Build.0 = Release|Any CPU
		{69B2E1A6-1129-4FE9-81A3-8294BF36FA92}.Debug|Any CPU.ActiveCfg = Debug|Any CPU
		{69B2E1A6-1129-4FE9-81A3-8294BF36FA92}.Debug|Any CPU.Build.0 = Debug|Any CPU
		{69B2E1A6-1129-4FE9-81A3-8294BF36FA92}.Release|Any CPU.ActiveCfg = Release|Any CPU
		{69B2E1A6-1129-4FE9-81A3-8294BF36FA92}.Release|Any CPU.Build.0 = Release|Any CPU
		{C3C6EB52-1561-4AC6-8D91-E1B0C882D232}.Debug|Any CPU.ActiveCfg = Debug|Any CPU
		{C3C6EB52-1561-4AC6-8D91-E1B0C882D232}.Debug|Any CPU.Build.0 = Debug|Any CPU
		{C3C6EB52-1561-4AC6-8D91-E1B0C882D232}.Release|Any CPU.ActiveCfg = Release|Any CPU
		{C3C6EB52-1561-4AC6-8D91-E1B0C882D232}.Release|Any CPU.Build.0 = Release|Any CPU
		{4DB0280D-A01F-4FAE-A884-D0E3818D3B8A}.Debug|Any CPU.ActiveCfg = Debug|Any CPU
		{4DB0280D-A01F-4FAE-A884-D0E3818D3B8A}.Debug|Any CPU.Build.0 = Debug|Any CPU
		{4DB0280D-A01F-4FAE-A884-D0E3818D3B8A}.Release|Any CPU.ActiveCfg = Release|Any CPU
		{4DB0280D-A01F-4FAE-A884-D0E3818D3B8A}.Release|Any CPU.Build.0 = Release|Any CPU
		{F0690ABA-E21C-428D-B6A2-C2C1E721D710}.Debug|Any CPU.ActiveCfg = Debug|Any CPU
		{F0690ABA-E21C-428D-B6A2-C2C1E721D710}.Debug|Any CPU.Build.0 = Debug|Any CPU
		{F0690ABA-E21C-428D-B6A2-C2C1E721D710}.Release|Any CPU.ActiveCfg = Release|Any CPU
		{F0690ABA-E21C-428D-B6A2-C2C1E721D710}.Release|Any CPU.Build.0 = Release|Any CPU
	EndGlobalSection
	GlobalSection(NestedProjects) = preSolution
		{6C5FBB1B-5B8B-43A4-9076-380B49F7E73B} = {90C4829A-F37B-4A58-AF05-2F7BDE9AD75B}
		{F41CDA54-7557-40CC-A254-98246E21F174} = {6C5FBB1B-5B8B-43A4-9076-380B49F7E73B}
		{F1FD2EBC-D461-47B1-BBBD-9D3F0AF5CA62} = {6C5FBB1B-5B8B-43A4-9076-380B49F7E73B}
		{DC81C5E3-C3FF-40DA-BE56-CAEB7A19B5C0} = {F1FD2EBC-D461-47B1-BBBD-9D3F0AF5CA62}
		{193821FD-2956-497F-B360-291B9A142F2D} = {F1FD2EBC-D461-47B1-BBBD-9D3F0AF5CA62}
		{0D0BA773-2CCF-4A92-81BA-006304F15CCB} = {90C4829A-F37B-4A58-AF05-2F7BDE9AD75B}
		{B19235CA-C38C-4361-A602-5D5DD68C24A1} = {0D0BA773-2CCF-4A92-81BA-006304F15CCB}
		{3E5673F7-BC27-4D17-A2DA-6ADD7D72C148} = {0D0BA773-2CCF-4A92-81BA-006304F15CCB}
		{09642DCF-4524-4B74-90BF-BC721A591BEE} = {B19235CA-C38C-4361-A602-5D5DD68C24A1}
		{50AAD190-7916-4E08-977E-57F15C1E3D37} = {B19235CA-C38C-4361-A602-5D5DD68C24A1}
		{FF9D34A7-DDA9-43BF-8D49-C626DA845325} = {90C4829A-F37B-4A58-AF05-2F7BDE9AD75B}
		{4A7194AF-1139-476F-A067-9C6C310517B8} = {FF9D34A7-DDA9-43BF-8D49-C626DA845325}
		{69B2E1A6-1129-4FE9-81A3-8294BF36FA92} = {FF9D34A7-DDA9-43BF-8D49-C626DA845325}
		{C3C6EB52-1561-4AC6-8D91-E1B0C882D232} = {4A7194AF-1139-476F-A067-9C6C310517B8}
		{4DB0280D-A01F-4FAE-A884-D0E3818D3B8A} = {4A7194AF-1139-476F-A067-9C6C310517B8}
		{F0690ABA-E21C-428D-B6A2-C2C1E721D710} = {4E2DA789-7778-4F68-A19C-D0F1549E9BA1}
	EndGlobalSection
EndGlobal
